
Microsoft Visual Studio Solution File, Format Version 12.00
# Visual Studio Version 18
VisualStudioVersion = 18.5.11723.231
MinimumVisualStudioVersion = 10.0.40219.1
Project("{FAE04EC0-301F-11D3-BF4B-00C04F79EFBC}") = "DigifyCXIntranet", "DigifyCXIntranet.csproj", "{0CD55F1F-5561-4F07-85A5-743DDB5BB06D}"
EndProject
Project("{2150E333-8FDC-42A3-9474-1A3956D46DE8}") = "Solution Items", "Solution Items", "{675E7FC4-F3E6-4FD7-9F69-C44068F97A4F}"
	ProjectSection(SolutionItems) = preProject
		nuget.config = nuget.config
	EndProjectSection
EndProject
Project("{2150E333-8FDC-42A3-9474-1A3956D46DE8}") = "src", "src", "{827E0CD3-B72D-47B6-A68D-7590B98EB39B}"
EndProject
Project("{FAE04EC0-301F-11D3-BF4B-00C04F79EFBC}") = "Company.Product.Domain", "src\Company.Product.Domain\Company.Product.Domain.csproj", "{D0EAE491-5D57-4E87-A978-C82B206A0BB4}"
EndProject
Project("{FAE04EC0-301F-11D3-BF4B-00C04F79EFBC}") = "Company.Product.Contracts", "src\Company.Product.Contracts\Company.Product.Contracts.csproj", "{CE9B5264-A44F-4B20-97B4-1ED23734A8E6}"
EndProject
Project("{FAE04EC0-301F-11D3-BF4B-00C04F79EFBC}") = "Company.Product.Application", "src\Company.Product.Application\Company.Product.Application.csproj", "{1F037FF4-C942-40F1-B010-1BC60B569B99}"
EndProject
Project("{FAE04EC0-301F-11D3-BF4B-00C04F79EFBC}") = "Company.Product.Infrastructure", "src\Company.Product.Infrastructure\Company.Product.Infrastructure.csproj", "{33230C80-3E78-42E5-8D70-D2C1F3A63E08}"
EndProject
Project("{FAE04EC0-301F-11D3-BF4B-00C04F79EFBC}") = "Company.Product.Api", "src\Company.Product.Api\Company.Product.Api.csproj", "{7548DF1E-F832-4BEA-890A-3C8951345762}"
EndProject
Project("{FAE04EC0-301F-11D3-BF4B-00C04F79EFBC}") = "Company.Product.WorkerService", "src\Company.Product.WorkerService\Company.Product.WorkerService.csproj", "{7B053017-2380-4FD4-BF9B-3FD17B26FAC3}"
EndProject
Project("{FAE04EC0-301F-11D3-BF4B-00C04F79EFBC}") = "Company.Product.Domain.Tests", "tests\Company.Product.Domain.Tests\Company.Product.Domain.Tests.csproj", "{FB091EC4-CE02-4A0E-9012-8DC28C5A1742}"
EndProject
Project("{FAE04EC0-301F-11D3-BF4B-00C04F79EFBC}") = "Company.Product.Application.Tests", "tests\Company.Product.Application.Tests\Company.Product.Application.Tests.csproj", "{1EB9DBDF-FE81-436A-812F-CC42C1192AFC}"
EndProject
Project("{FAE04EC0-301F-11D3-BF4B-00C04F79EFBC}") = "Company.Product.Infrastructure.Tests", "tests\Company.Product.Infrastructure.Tests\Company.Product.Infrastructure.Tests.csproj", "{D1F802BC-7135-4CA7-8D1A-787E75F3200A}"
EndProject
Project("{FAE04EC0-301F-11D3-BF4B-00C04F79EFBC}") = "Company.Product.Api.IntegrationTests", "tests\Company.Product.Api.IntegrationTests\Company.Product.Api.IntegrationTests.csproj", "{597A6326-6C06-4C4C-BD60-0101EC98A57D}"
EndProject
Project("{FAE04EC0-301F-11D3-BF4B-00C04F79EFBC}") = "Company.Product.ContractTests", "tests\Company.Product.ContractTests\Company.Product.ContractTests.csproj", "{BC0C587C-C7FA-4C74-A280-3D8145A5B087}"
EndProject
Project("{2150E333-8FDC-42A3-9474-1A3956D46DE8}") = "tests", "tests", "{0AB3BF05-4346-4AA6-1389-037BE0695223}"
EndProject
Project("{FAE04EC0-301F-11D3-BF4B-00C04F79EFBC}") = "DigifyCXIntranet.Tests", "tests\DigifyCXIntranet.Tests\DigifyCXIntranet.Tests.csproj", "{E3E86F06-4EA4-4078-A056-88FBA86436A6}"
EndProject
Global
	GlobalSection(SolutionConfigurationPlatforms) = preSolution
		Debug|Any CPU = Debug|Any CPU
		Debug|x64 = Debug|x64
		Debug|x86 = Debug|x86
		Release|Any CPU = Release|Any CPU
		Release|x64 = Release|x64
		Release|x86 = Release|x86
	EndGlobalSection
	GlobalSection(ProjectConfigurationPlatforms) = postSolution
		{0CD55F1F-5561-4F07-85A5-743DDB5BB06D}.Debug|Any CPU.ActiveCfg = Debug|Any CPU
		{0CD55F1F-5561-4F07-85A5-743DDB5BB06D}.Debug|Any CPU.Build.0 = Debug|Any CPU
		{0CD55F1F-5561-4F07-85A5-743DDB5BB06D}.Debug|x64.ActiveCfg = Debug|Any CPU
		{0CD55F1F-5561-4F07-85A5-743DDB5BB06D}.Debug|x64.Build.0 = Debug|Any CPU
		{0CD55F1F-5561-4F07-85A5-743DDB5BB06D}.Debug|x86.ActiveCfg = Debug|Any CPU
		{0CD55F1F-5561-4F07-85A5-743DDB5BB06D}.Debug|x86.Build.0 = Debug|Any CPU
		{0CD55F1F-5561-4F07-85A5-743DDB5BB06D}.Release|Any CPU.ActiveCfg = Release|Any CPU
		{0CD55F1F-5561-4F07-85A5-743DDB5BB06D}.Release|Any CPU.Build.0 = Release|Any CPU
		{0CD55F1F-5561-4F07-85A5-743DDB5BB06D}.Release|x64.ActiveCfg = Release|Any CPU
		{0CD55F1F-5561-4F07-85A5-743DDB5BB06D}.Release|x64.Build.0 = Release|Any CPU
		{0CD55F1F-5561-4F07-85A5-743DDB5BB06D}.Release|x86.ActiveCfg = Release|Any CPU
		{0CD55F1F-5561-4F07-85A5-743DDB5BB06D}.Release|x86.Build.0 = Release|Any CPU
		{D0EAE491-5D57-4E87-A978-C82B206A0BB4}.Debug|Any CPU.ActiveCfg = Debug|Any CPU
		{D0EAE491-5D57-4E87-A978-C82B206A0BB4}.Debug|Any CPU.Build.0 = Debug|Any CPU
		{D0EAE491-5D57-4E87-A978-C82B206A0BB4}.Debug|x64.ActiveCfg = Debug|Any CPU
		{D0EAE491-5D57-4E87-A978-C82B206A0BB4}.Debug|x64.Build.0 = Debug|Any CPU
		{D0EAE491-5D57-4E87-A978-C82B206A0BB4}.Debug|x86.ActiveCfg = Debug|Any CPU
		{D0EAE491-5D57-4E87-A978-C82B206A0BB4}.Debug|x86.Build.0 = Debug|Any CPU
		{D0EAE491-5D57-4E87-A978-C82B206A0BB4}.Release|Any CPU.ActiveCfg = Release|Any CPU
		{D0EAE491-5D57-4E87-A978-C82B206A0BB4}.Release|Any CPU.Build.0 = Release|Any CPU
		{D0EAE491-5D57-4E87-A978-C82B206A0BB4}.Release|x64.ActiveCfg = Release|Any CPU
		{D0EAE491-5D57-4E87-A978-C82B206A0BB4}.Release|x64.Build.0 = Release|Any CPU
		{D0EAE491-5D57-4E87-A978-C82B206A0BB4}.Release|x86.ActiveCfg = Release|Any CPU
		{D0EAE491-5D57-4E87-A978-C82B206A0BB4}.Release|x86.Build.0 = Release|Any CPU
		{CE9B5264-A44F-4B20-97B4-1ED23734A8E6}.Debug|Any CPU.ActiveCfg = Debug|Any CPU
		{CE9B5264-A44F-4B20-97B4-1ED23734A8E6}.Debug|Any CPU.Build.0 = Debug|Any CPU
		{CE9B5264-A44F-4B20-97B4-1ED23734A8E6}.Debug|x64.ActiveCfg = Debug|Any CPU
		{CE9B5264-A44F-4B20-97B4-1ED23734A8E6}.Debug|x64.Build.0 = Debug|Any CPU
		{CE9B5264-A44F-4B20-97B4-1ED23734A8E6}.Debug|x86.ActiveCfg = Debug|Any CPU
		{CE9B5264-A44F-4B20-97B4-1ED23734A8E6}.Debug|x86.Build.0 = Debug|Any CPU
		{CE9B5264-A44F-4B20-97B4-1ED23734A8E6}.Release|Any CPU.ActiveCfg = Release|Any CPU
		{CE9B5264-A44F-4B20-97B4-1ED23734A8E6}.Release|Any CPU.Build.0 = Release|Any CPU
		{CE9B5264-A44F-4B20-97B4-1ED23734A8E6}.Release|x64.ActiveCfg = Release|Any CPU
		{CE9B5264-A44F-4B20-97B4-1ED23734A8E6}.Release|x64.Build.0 = Release|Any CPU
		{CE9B5264-A44F-4B20-97B4-1ED23734A8E6}.Release|x86.ActiveCfg = Release|Any CPU
		{CE9B5264-A44F-4B20-97B4-1ED23734A8E6}.Release|x86.Build.0 = Release|Any CPU
		{1F037FF4-C942-40F1-B010-1BC60B569B99}.Debug|Any CPU.ActiveCfg = Debug|Any CPU
		{1F037FF4-C942-40F1-B010-1BC60B569B99}.Debug|Any CPU.Build.0 = Debug|Any CPU
		{1F037FF4-C942-40F1-B010-1BC60B569B99}.Debug|x64.ActiveCfg = Debug|Any CPU
		{1F037FF4-C942-40F1-B010-1BC60B569B99}.Debug|x64.Build.0 = Debug|Any CPU
		{1F037FF4-C942-40F1-B010-1BC60B569B99}.Debug|x86.ActiveCfg = Debug|Any CPU
		{1F037FF4-C942-40F1-B010-1BC60B569B99}.Debug|x86.Build.0 = Debug|Any CPU
		{1F037FF4-C942-40F1-B010-1BC60B569B99}.Release|Any CPU.ActiveCfg = Release|Any CPU
		{1F037FF4-C942-40F1-B010-1BC60B569B99}.Release|Any CPU.Build.0 = Release|Any CPU
		{1F037FF4-C942-40F1-B010-1BC60B569B99}.Release|x64.ActiveCfg = Release|Any CPU
		{1F037FF4-C942-40F1-B010-1BC60B569B99}.Release|x64.Build.0 = Release|Any CPU
		{1F037FF4-C942-40F1-B010-1BC60B569B99}.Release|x86.ActiveCfg = Release|Any CPU
		{1F037FF4-C942-40F1-B010-1BC60B569B99}.Release|x86.Build.0 = Release|Any CPU
		{33230C80-3E78-42E5-8D70-D2C1F3A63E08}.Debug|Any CPU.ActiveCfg = Debug|Any CPU
		{33230C80-3E78-42E5-8D70-D2C1F3A63E08}.Debug|Any CPU.Build.0 = Debug|Any CPU
		{33230C80-3E78-42E5-8D70-D2C1F3A63E08}.Debug|x64.ActiveCfg = Debug|Any CPU
		{33230C80-3E78-42E5-8D70-D2C1F3A63E08}.Debug|x64.Build.0 = Debug|Any CPU
		{33230C80-3E78-42E5-8D70-D2C1F3A63E08}.Debug|x86.ActiveCfg = Debug|Any CPU
		{33230C80-3E78-42E5-8D70-D2C1F3A63E08}.Debug|x86.Build.0 = Debug|Any CPU
		{33230C80-3E78-42E5-8D70-D2C1F3A63E08}.Release|Any CPU.ActiveCfg = Release|Any CPU
		{33230C80-3E78-42E5-8D70-D2C1F3A63E08}.Release|Any CPU.Build.0 = Release|Any CPU
		{33230C80-3E78-42E5-8D70-D2C1F3A63E08}.Release|x64.ActiveCfg = Release|Any CPU
		{33230C80-3E78-42E5-8D70-D2C1F3A63E08}.Release|x64.Build.0 = Release|Any CPU
		{33230C80-3E78-42E5-8D70-D2C1F3A63E08}.Release|x86.ActiveCfg = Release|Any CPU
		{33230C80-3E78-42E5-8D70-D2C1F3A63E08}.Release|x86.Build.0 = Release|Any CPU
		{7548DF1E-F832-4BEA-890A-3C8951345762}.Debug|Any CPU.ActiveCfg = Debug|Any CPU
		{7548DF1E-F832-4BEA-890A-3C8951345762}.Debug|Any CPU.Build.0 = Debug|Any CPU
		{7548DF1E-F832-4BEA-890A-3C8951345762}.Debug|x64.ActiveCfg = Debug|Any CPU
		{7548DF1E-F832-4BEA-890A-3C8951345762}.Debug|x64.Build.0 = Debug|Any CPU
		{7548DF1E-F832-4BEA-890A-3C8951345762}.Debug|x86.ActiveCfg = Debug|Any CPU
		{7548DF1E-F832-4BEA-890A-3C8951345762}.Debug|x86.Build.0 = Debug|Any CPU
		{7548DF1E-F832-4BEA-890A-3C8951345762}.Release|Any CPU.ActiveCfg = Release|Any CPU
		{7548DF1E-F832-4BEA-890A-3C8951345762}.Release|Any CPU.Build.0 = Release|Any CPU
		{7548DF1E-F832-4BEA-890A-3C8951345762}.Release|x64.ActiveCfg = Release|Any CPU
		{7548DF1E-F832-4BEA-890A-3C8951345762}.Release|x64.Build.0 = Release|Any CPU
		{7548DF1E-F832-4BEA-890A-3C8951345762}.Release|x86.ActiveCfg = Release|Any CPU
		{7548DF1E-F832-4BEA-890A-3C8951345762}.Release|x86.Build.0 = Release|Any CPU
		{7B053017-2380-4FD4-BF9B-3FD17B26FAC3}.Debug|Any CPU.ActiveCfg = Debug|Any CPU
		{7B053017-2380-4FD4-BF9B-3FD17B26FAC3}.Debug|Any CPU.Build.0 = Debug|Any CPU
		{7B053017-2380-4FD4-BF9B-3FD17B26FAC3}.Debug|x64.ActiveCfg = Debug|Any CPU
		{7B053017-2380-4FD4-BF9B-3FD17B26FAC3}.Debug|x64.Build.0 = Debug|Any CPU
		{7B053017-2380-4FD4-BF9B-3FD17B26FAC3}.Debug|x86.ActiveCfg = Debug|Any CPU
		{7B053017-2380-4FD4-BF9B-3FD17B26FAC3}.Debug|x86.Build.0 = Debug|Any CPU
		{7B053017-2380-4FD4-BF9B-3FD17B26FAC3}.Release|Any CPU.ActiveCfg = Release|Any CPU
		{7B053017-2380-4FD4-BF9B-3FD17B26FAC3}.Release|Any CPU.Build.0 = Release|Any CPU
		{7B053017-2380-4FD4-BF9B-3FD17B26FAC3}.Release|x64.ActiveCfg = Release|Any CPU
		{7B053017-2380-4FD4-BF9B-3FD17B26FAC3}.Release|x64.Build.0 = Release|Any CPU
		{7B053017-2380-4FD4-BF9B-3FD17B26FAC3}.Release|x86.ActiveCfg = Release|Any CPU
		{7B053017-2380-4FD4-BF9B-3FD17B26FAC3}.Release|x86.Build.0 = Release|Any CPU
		{FB091EC4-CE02-4A0E-9012-8DC28C5A1742}.Debug|Any CPU.ActiveCfg = Debug|Any CPU
		{FB091EC4-CE02-4A0E-9012-8DC28C5A1742}.Debug|Any CPU.Build.0 = Debug|Any CPU
		{FB091EC4-CE02-4A0E-9012-8DC28C5A1742}.Debug|x64.ActiveCfg = Debug|Any CPU
		{FB091EC4-CE02-4A0E-9012-8DC28C5A1742}.Debug|x64.Build.0 = Debug|Any CPU
		{FB091EC4-CE02-4A0E-9012-8DC28C5A1742}.Debug|x86.ActiveCfg = Debug|Any CPU
		{FB091EC4-CE02-4A0E-9012-8DC28C5A1742}.Debug|x86.Build.0 = Debug|Any CPU
		{FB091EC4-CE02-4A0E-9012-8DC28C5A1742}.Release|Any CPU.ActiveCfg = Release|Any CPU
		{FB091EC4-CE02-4A0E-9012-8DC28C5A1742}.Release|Any CPU.Build.0 = Release|Any CPU
		{FB091EC4-CE02-4A0E-9012-8DC28C5A1742}.Release|x64.ActiveCfg = Release|Any CPU
		{FB091EC4-CE02-4A0E-9012-8DC28C5A1742}.Release|x64.Build.0 = Release|Any CPU
		{FB091EC4-CE02-4A0E-9012-8DC28C5A1742}.Release|x86.ActiveCfg = Release|Any CPU
		{FB091EC4-CE02-4A0E-9012-8DC28C5A1742}.Release|x86.Build.0 = Release|Any CPU
		{1EB9DBDF-FE81-436A-812F-CC42C1192AFC}.Debug|Any CPU.ActiveCfg = Debug|Any CPU
		{1EB9DBDF-FE81-436A-812F-CC42C1192AFC}.Debug|Any CPU.Build.0 = Debug|Any CPU
		{1EB9DBDF-FE81-436A-812F-CC42C1192AFC}.Debug|x64.ActiveCfg = Debug|Any CPU
		{1EB9DBDF-FE81-436A-812F-CC42C1192AFC}.Debug|x64.Build.0 = Debug|Any CPU
		{1EB9DBDF-FE81-436A-812F-CC42C1192AFC}.Debug|x86.ActiveCfg = Debug|Any CPU
		{1EB9DBDF-FE81-436A-812F-CC42C1192AFC}.Debug|x86.Build.0 = Debug|Any CPU
		{1EB9DBDF-FE81-436A-812F-CC42C1192AFC}.Release|Any CPU.ActiveCfg = Release|Any CPU
		{1EB9DBDF-FE81-436A-812F-CC42C1192AFC}.Release|Any CPU.Build.0 = Release|Any CPU
		{1EB9DBDF-FE81-436A-812F-CC42C1192AFC}.Release|x64.ActiveCfg = Release|Any CPU
		{1EB9DBDF-FE81-436A-812F-CC42C1192AFC}.Release|x64.Build.0 = Release|Any CPU
		{1EB9DBDF-FE81-436A-812F-CC42C1192AFC}.Release|x86.ActiveCfg = Release|Any CPU
		{1EB9DBDF-FE81-436A-812F-CC42C1192AFC}.Release|x86.Build.0 = Release|Any CPU
		{D1F802BC-7135-4CA7-8D1A-787E75F3200A}.Debug|Any CPU.ActiveCfg = Debug|Any CPU
		{D1F802BC-7135-4CA7-8D1A-787E75F3200A}.Debug|Any CPU.Build.0 = Debug|Any CPU
		{D1F802BC-7135-4CA7-8D1A-787E75F3200A}.Debug|x64.ActiveCfg = Debug|Any CPU
		{D1F802BC-7135-4CA7-8D1A-787E75F3200A}.Debug|x64.Build.0 = Debug|Any CPU
		{D1F802BC-7135-4CA7-8D1A-787E75F3200A}.Debug|x86.ActiveCfg = Debug|Any CPU
		{D1F802BC-7135-4CA7-8D1A-787E75F3200A}.Debug|x86.Build.0 = Debug|Any CPU
		{D1F802BC-7135-4CA7-8D1A-787E75F3200A}.Release|Any CPU.ActiveCfg = Release|Any CPU
		{D1F802BC-7135-4CA7-8D1A-787E75F3200A}.Release|Any CPU.Build.0 = Release|Any CPU
		{D1F802BC-7135-4CA7-8D1A-787E75F3200A}.Release|x64.ActiveCfg = Release|Any CPU
		{D1F802BC-7135-4CA7-8D1A-787E75F3200A}.Release|x64.Build.0 = Release|Any CPU
		{D1F802BC-7135-4CA7-8D1A-787E75F3200A}.Release|x86.ActiveCfg = Release|Any CPU
		{D1F802BC-7135-4CA7-8D1A-787E75F3200A}.Release|x86.Build.0 = Release|Any CPU
		{597A6326-6C06-4C4C-BD60-0101EC98A57D}.Debug|Any CPU.ActiveCfg = Debug|Any CPU
		{597A6326-6C06-4C4C-BD60-0101EC98A57D}.Debug|Any CPU.Build.0 = Debug|Any CPU
		{597A6326-6C06-4C4C-BD60-0101EC98A57D}.Debug|x64.ActiveCfg = Debug|Any CPU
		{597A6326-6C06-4C4C-BD60-0101EC98A57D}.Debug|x64.Build.0 = Debug|Any CPU
		{597A6326-6C06-4C4C-BD60-0101EC98A57D}.Debug|x86.ActiveCfg = Debug|Any CPU
		{597A6326-6C06-4C4C-BD60-0101EC98A57D}.Debug|x86.Build.0 = Debug|Any CPU
		{597A6326-6C06-4C4C-BD60-0101EC98A57D}.Release|Any CPU.ActiveCfg = Release|Any CPU
		{597A6326-6C06-4C4C-BD60-0101EC98A57D}.Release|Any CPU.Build.0 = Release|Any CPU
		{597A6326-6C06-4C4C-BD60-0101EC98A57D}.Release|x64.ActiveCfg = Release|Any CPU
		{597A6326-6C06-4C4C-BD60-0101EC98A57D}.Release|x64.Build.0 = Release|Any CPU
		{597A6326-6C06-4C4C-BD60-0101EC98A57D}.Release|x86.ActiveCfg = Release|Any CPU
		{597A6326-6C06-4C4C-BD60-0101EC98A57D}.Release|x86.Build.0 = Release|Any CPU
		{BC0C587C-C7FA-4C74-A280-3D8145A5B087}.Debug|Any CPU.ActiveCfg = Debug|Any CPU
		{BC0C587C-C7FA-4C74-A280-3D8145A5B087}.Debug|Any CPU.Build.0 = Debug|Any CPU
		{BC0C587C-C7FA-4C74-A280-3D8145A5B087}.Debug|x64.ActiveCfg = Debug|Any CPU
		{BC0C587C-C7FA-4C74-A280-3D8145A5B087}.Debug|x64.Build.0 = Debug|Any CPU
		{BC0C587C-C7FA-4C74-A280-3D8145A5B087}.Debug|x86.ActiveCfg = Debug|Any CPU
		{BC0C587C-C7FA-4C74-A280-3D8145A5B087}.Debug|x86.Build.0 = Debug|Any CPU
		{BC0C587C-C7FA-4C74-A280-3D8145A5B087}.Release|Any CPU.ActiveCfg = Release|Any CPU
		{BC0C587C-C7FA-4C74-A280-3D8145A5B087}.Release|Any CPU.Build.0 = Release|Any CPU
		{BC0C587C-C7FA-4C74-A280-3D8145A5B087}.Release|x64.ActiveCfg = Release|Any CPU
		{BC0C587C-C7FA-4C74-A280-3D8145A5B087}.Release|x64.Build.0 = Release|Any CPU
		{BC0C587C-C7FA-4C74-A280-3D8145A5B087}.Release|x86.ActiveCfg = Release|Any CPU
		{BC0C587C-C7FA-4C74-A280-3D8145A5B087}.Release|x86.Build.0 = Release|Any CPU
		{E3E86F06-4EA4-4078-A056-88FBA86436A6}.Debug|Any CPU.ActiveCfg = Debug|Any CPU
		{E3E86F06-4EA4-4078-A056-88FBA86436A6}.Debug|Any CPU.Build.0 = Debug|Any CPU
		{E3E86F06-4EA4-4078-A056-88FBA86436A6}.Debug|x64.ActiveCfg = Debug|Any CPU
		{E3E86F06-4EA4-4078-A056-88FBA86436A6}.Debug|x64.Build.0 = Debug|Any CPU
		{E3E86F06-4EA4-4078-A056-88FBA86436A6}.Debug|x86.ActiveCfg = Debug|Any CPU
		{E3E86F06-4EA4-4078-A056-88FBA86436A6}.Debug|x86.Build.0 = Debug|Any CPU
		{E3E86F06-4EA4-4078-A056-88FBA86436A6}.Release|Any CPU.ActiveCfg = Release|Any CPU
		{E3E86F06-4EA4-4078-A056-88FBA86436A6}.Release|Any CPU.Build.0 = Release|Any CPU
		{E3E86F06-4EA4-4078-A056-88FBA86436A6}.Release|x64.ActiveCfg = Release|Any CPU
		{E3E86F06-4EA4-4078-A056-88FBA86436A6}.Release|x64.Build.0 = Release|Any CPU
		{E3E86F06-4EA4-4078-A056-88FBA86436A6}.Release|x86.ActiveCfg = Release|Any CPU
		{E3E86F06-4EA4-4078-A056-88FBA86436A6}.Release|x86.Build.0 = Release|Any CPU
	EndGlobalSection
	GlobalSection(SolutionProperties) = preSolution
		HideSolutionNode = FALSE
	EndGlobalSection
	GlobalSection(NestedProjects) = preSolution
		{D0EAE491-5D57-4E87-A978-C82B206A0BB4} = {827E0CD3-B72D-47B6-A68D-7590B98EB39B}
		{CE9B5264-A44F-4B20-97B4-1ED23734A8E6} = {827E0CD3-B72D-47B6-A68D-7590B98EB39B}
		{1F037FF4-C942-40F1-B010-1BC60B569B99} = {827E0CD3-B72D-47B6-A68D-7590B98EB39B}
		{33230C80-3E78-42E5-8D70-D2C1F3A63E08} = {827E0CD3-B72D-47B6-A68D-7590B98EB39B}
		{7548DF1E-F832-4BEA-890A-3C8951345762} = {827E0CD3-B72D-47B6-A68D-7590B98EB39B}
		{7B053017-2380-4FD4-BF9B-3FD17B26FAC3} = {827E0CD3-B72D-47B6-A68D-7590B98EB39B}
		{FB091EC4-CE02-4A0E-9012-8DC28C5A1742} = {827E0CD3-B72D-47B6-A68D-7590B98EB39B}
		{1EB9DBDF-FE81-436A-812F-CC42C1192AFC} = {827E0CD3-B72D-47B6-A68D-7590B98EB39B}
		{D1F802BC-7135-4CA7-8D1A-787E75F3200A} = {827E0CD3-B72D-47B6-A68D-7590B98EB39B}
		{597A6326-6C06-4C4C-BD60-0101EC98A57D} = {827E0CD3-B72D-47B6-A68D-7590B98EB39B}
		{BC0C587C-C7FA-4C74-A280-3D8145A5B087} = {827E0CD3-B72D-47B6-A68D-7590B98EB39B}
		{E3E86F06-4EA4-4078-A056-88FBA86436A6} = {0AB3BF05-4346-4AA6-1389-037BE0695223}
	EndGlobalSection
	GlobalSection(ExtensibilityGlobals) = postSolution
		SolutionGuid = {F0C35505-947B-4807-BC6F-B060DCC7D88C}
	EndGlobalSection
EndGlobal
